
Microsoft Visual Studio Solution File, Format Version 12.00
# Visual Studio Version 17
VisualStudioVersion = 17.8.34004.107
MinimumVisualStudioVersion = 10.0.40219.1
Project("{FAE04EC0-301F-11D3-BF4B-00C04F79EFBC}") = "lab10 (oop)", "lab10 (oop)\lab10 (oop).csproj", "{92403B0C-FECD-4CD6-8929-7D64E1BAA8B6}"
EndProject
Global
	GlobalSection(SolutionConfigurationPlatforms) = preSolution
		Debug|Any CPU = Debug|Any CPU
		Release|Any CPU = Release|Any CPU
	EndGlobalSection
	GlobalSection(ProjectConfigurationPlatforms) = postSolution
		{92403B0C-FECD-4CD6-8929-7D64E1BAA8B6}.Debug|Any CPU.ActiveCfg = Debug|Any CPU
		{92403B0C-FECD-4CD6-8929-7D64E1BAA8B6}.Debug|Any CPU.Build.0 = Debug|Any CPU
		{92403B0C-FECD-4CD6-8929-7D64E1BAA8B6}.Release|Any CPU.ActiveCfg = Release|Any CPU
		{92403B0C-FECD-4CD6-8929-7D64E1BAA8B6}.Release|Any CPU.Build.0 = Release|Any CPU
	EndGlobalSection
	GlobalSection(SolutionProperties) = preSolution
		HideSolutionNode = FALSE
	EndGlobalSection
	GlobalSection(ExtensibilityGlobals) = postSolution
		SolutionGuid = {8A580E30-1C2B-446F-AEA3-2EC702BDF98D}
	EndGlobalSection
EndGlobal
